// !$*UTF8*$!
{
	archiveVersion = 1;
	classes = {
	};
	objectVersion = 50;
	objects = {

/* Begin PBXBuildFile section */
		7714408C2565654900673DC2 /* MovieRecommendationApp.swift in Sources */ = {isa = PBXBuildFile; fileRef = 7714408B2565654900673DC2 /* MovieRecommendationApp.swift */; };
		7714408E2565654900673DC2 /* MovieRecommendationView.swift in Sources */ = {isa = PBXBuildFile; fileRef = 7714408D2565654900673DC2 /* MovieRecommendationView.swift */; };
		771440902565654B00673DC2 /* Assets.xcassets in Resources */ = {isa = PBXBuildFile; fileRef = 7714408F2565654B00673DC2 /* Assets.xcassets */; };
		771440932565654B00673DC2 /* Preview Assets.xcassets in Resources */ = {isa = PBXBuildFile; fileRef = 771440922565654B00673DC2 /* Preview Assets.xcassets */; };
		7714409C256566C900673DC2 /* Movies.swift in Sources */ = {isa = PBXBuildFile; fileRef = 7714409B256566C900673DC2 /* Movies.swift */; };
		77A32E6E25D964E5008A2B33 /* movies.csv in Resources */ = {isa = PBXBuildFile; fileRef = 77A32E6D25D964E5008A2B33 /* movies.csv */; };
		77A32E7925DAC953008A2B33 /* MainView.swift in Sources */ = {isa = PBXBuildFile; fileRef = 77A32E7825DAC953008A2B33 /* MainView.swift */; };
		77A32E7C25DE97DE008A2B33 /* RateView.swift in Sources */ = {isa = PBXBuildFile; fileRef = 77A32E7B25DE97DE008A2B33 /* RateView.swift */; };
		77B6B4C225D5B5AB00792823 /* MovieRecommenderModel.mlmodel in Sources */ = {isa = PBXBuildFile; fileRef = 77B6B4C125D5B5AB00792823 /* MovieRecommenderModel.mlmodel */; };
/* End PBXBuildFile section */

/* Begin PBXFileReference section */
		771440882565654900673DC2 /* MovieRecommendation.app */ = {isa = PBXFileReference; explicitFileType = wrapper.application; includeInIndex = 0; path = MovieRecommendation.app; sourceTree = BUILT_PRODUCTS_DIR; };
		7714408B2565654900673DC2 /* MovieRecommendationApp.swift */ = {isa = PBXFileReference; lastKnownFileType = sourcecode.swift; path = MovieRecommendationApp.swift; sourceTree = "<group>"; };
		7714408D2565654900673DC2 /* MovieRecommendationView.swift */ = {isa = PBXFileReference; lastKnownFileType = sourcecode.swift; path = MovieRecommendationView.swift; sourceTree = "<group>"; };
		7714408F2565654B00673DC2 /* Assets.xcassets */ = {isa = PBXFileReference; lastKnownFileType = folder.assetcatalog; path = Assets.xcassets; sourceTree = "<group>"; };
		771440922565654B00673DC2 /* Preview Assets.xcassets */ = {isa = PBXFileReference; lastKnownFileType = folder.assetcatalog; path = "Preview Assets.xcassets"; sourceTree = "<group>"; };
		771440942565654B00673DC2 /* Info.plist */ = {isa = PBXFileReference; lastKnownFileType = text.plist.xml; path = Info.plist; sourceTree = "<group>"; };
		7714409B256566C900673DC2 /* Movies.swift */ = {isa = PBXFileReference; lastKnownFileType = sourcecode.swift; path = Movies.swift; sourceTree = "<group>"; };
		77A32E6D25D964E5008A2B33 /* movies.csv */ = {isa = PBXFileReference; fileEncoding = 4; lastKnownFileType = text; path = movies.csv; sourceTree = "<group>"; };
		77A32E7825DAC953008A2B33 /* MainView.swift */ = {isa = PBXFileReference; lastKnownFileType = sourcecode.swift; path = MainView.swift; sourceTree = "<group>"; };
		77A32E7B25DE97DE008A2B33 /* RateView.swift */ = {isa = PBXFileReference; lastKnownFileType = sourcecode.swift; path = RateView.swift; sourceTree = "<group>"; };
		77B6B4C125D5B5AB00792823 /* MovieRecommenderModel.mlmodel */ = {isa = PBXFileReference; lastKnownFileType = file.mlmodel; path = MovieRecommenderModel.mlmodel; sourceTree = "<group>"; };
/* End PBXFileReference section */

/* Begin PBXFrameworksBuildPhase section */
		771440852565654900673DC2 /* Frameworks */ = {
			isa = PBXFrameworksBuildPhase;
			buildActionMask = 2147483647;
			files = (
			);
			runOnlyForDeploymentPostprocessing = 0;
		};
/* End PBXFrameworksBuildPhase section */

/* Begin PBXGroup section */
		7714407F2565654900673DC2 = {
			isa = PBXGroup;
			children = (
				7714408A2565654900673DC2 /* MovieRecommendation */,
				771440892565654900673DC2 /* Products */,
			);
			sourceTree = "<group>";
		};
		771440892565654900673DC2 /* Products */ = {
			isa = PBXGroup;
			children = (
				771440882565654900673DC2 /* MovieRecommendation.app */,
			);
			name = Products;
			sourceTree = "<group>";
		};
		7714408A2565654900673DC2 /* MovieRecommendation */ = {
			isa = PBXGroup;
			children = (
				7714408B2565654900673DC2 /* MovieRecommendationApp.swift */,
				7714408D2565654900673DC2 /* MovieRecommendationView.swift */,
				77A32E7825DAC953008A2B33 /* MainView.swift */,
				77A32E7B25DE97DE008A2B33 /* RateView.swift */,
				7714409B256566C900673DC2 /* Movies.swift */,
				77B6B4C125D5B5AB00792823 /* MovieRecommenderModel.mlmodel */,
				7714408F2565654B00673DC2 /* Assets.xcassets */,
				77A32E6D25D964E5008A2B33 /* movies.csv */,
				771440942565654B00673DC2 /* Info.plist */,
				771440912565654B00673DC2 /* Preview Content */,
			);
			path = MovieRecommendation;
			sourceTree = "<group>";
		};
		771440912565654B00673DC2 /* Preview Content */ = {
			isa = PBXGroup;
			children = (
				771440922565654B00673DC2 /* Preview Assets.xcassets */,
			);
			path = "Preview Content";
			sourceTree = "<group>";
		};
/* End PBXGroup section */

/* Begin PBXNativeTarget section */
		771440872565654900673DC2 /* MovieRecommendation */ = {
			isa = PBXNativeTarget;
			buildConfigurationList = 771440972565654B00673DC2 /* Build configuration list for PBXNativeTarget "MovieRecommendation" */;
			buildPhases = (
				771440842565654900673DC2 /* Sources */,
				771440852565654900673DC2 /* Frameworks */,
				771440862565654900673DC2 /* Resources */,
			);
			buildRules = (
			);
			dependencies = (
			);
			name = MovieRecommendation;
			productName = MovieRecommendation;
			productReference = 771440882565654900673DC2 /* MovieRecommendation.app */;
			productType = "com.apple.product-type.application";
		};
/* End PBXNativeTarget section */

/* Begin PBXProject section */
		771440802565654900673DC2 /* Project object */ = {
			isa = PBXProject;
			attributes = {
				LastSwiftUpdateCheck = 1210;
				LastUpgradeCheck = 1210;
				TargetAttributes = {
					771440872565654900673DC2 = {
						CreatedOnToolsVersion = 12.1;
					};
				};
			};
			buildConfigurationList = 771440832565654900673DC2 /* Build configuration list for PBXProject "MovieRecommendation" */;
			compatibilityVersion = "Xcode 9.3";
			developmentRegion = en;
			hasScannedForEncodings = 0;
			knownRegions = (
				en,
				Base,
			);
			mainGroup = 7714407F2565654900673DC2;
			productRefGroup = 771440892565654900673DC2 /* Products */;
			projectDirPath = "";
			projectRoot = "";
			targets = (
				771440872565654900673DC2 /* MovieRecommendation */,
			);
		};
/* End PBXProject section */

/* Begin PBXResourcesBuildPhase section */
		771440862565654900673DC2 /* Resources */ = {
			isa = PBXResourcesBuildPhase;
			buildActionMask = 2147483647;
			files = (
				771440932565654B00673DC2 /* Preview Assets.xcassets in Resources */,
				771440902565654B00673DC2 /* Assets.xcassets in Resources */,
				77A32E6E25D964E5008A2B33 /* movies.csv in Resources */,
			);
			runOnlyForDeploymentPostprocessing = 0;
		};
/* End PBXResourcesBuildPhase section */

/* Begin PBXSourcesBuildPhase section */
		771440842565654900673DC2 /* Sources */ = {
			isa = PBXSourcesBuildPhase;
			buildActionMask = 2147483647;
			files = (
				7714408E2565654900673DC2 /* MovieRecommendationView.swift in Sources */,
				7714408C2565654900673DC2 /* MovieRecommendationApp.swift in Sources */,
				77A32E7C25DE97DE008A2B33 /* RateView.swift in Sources */,
				7714409C256566C900673DC2 /* Movies.swift in Sources */,
				77A32E7925DAC953008A2B33 /* MainView.swift in Sources */,
				77B6B4C225D5B5AB00792823 /* MovieRecommenderModel.mlmodel in Sources */,
			);
			runOnlyForDeploymentPostprocessing = 0;
		};
/* End PBXSourcesBuildPhase section */

/* Begin XCBuildConfiguration section */
		771440952565654B00673DC2 /* Debug */ = {
			isa = XCBuildConfiguration;
			buildSettings = {
				ALWAYS_SEARCH_USER_PATHS = NO;
				CLANG_ANALYZER_NONNULL = YES;
				CLANG_ANALYZER_NUMBER_OBJECT_CONVERSION = YES_AGGRESSIVE;
				CLANG_CXX_LANGUAGE_STANDARD = "gnu++14";
				CLANG_CXX_LIBRARY = "libc++";
				CLANG_ENABLE_MODULES = YES;
				CLANG_ENABLE_OBJC_ARC = YES;
				CLANG_ENABLE_OBJC_WEAK = YES;
				CLANG_WARN_BLOCK_CAPTURE_AUTORELEASING = YES;
				CLANG_WARN_BOOL_CONVERSION = YES;
				CLANG_WARN_COMMA = YES;
				CLANG_WARN_CONSTANT_CONVERSION = YES;
				CLANG_WARN_DEPRECATED_OBJC_IMPLEMENTATIONS = YES;
				CLANG_WARN_DIRECT_OBJC_ISA_USAGE = YES_ERROR;
				CLANG_WARN_DOCUMENTATION_COMMENTS = YES;
				CLANG_WARN_EMPTY_BODY = YES;
				CLANG_WARN_ENUM_CONVERSION = YES;
				CLANG_WARN_INFINITE_RECURSION = YES;
				CLANG_WARN_INT_CONVERSION = YES;
				CLANG_WARN_NON_LITERAL_NULL_CONVERSION = YES;
				CLANG_WARN_OBJC_IMPLICIT_RETAIN_SELF = YES;
				CLANG_WARN_OBJC_LITERAL_CONVERSION = YES;
				CLANG_WARN_OBJC_ROOT_CLASS = YES_ERROR;
				CLANG_WARN_QUOTED_INCLUDE_IN_FRAMEWORK_HEADER = YES;
				CLANG_WARN_RANGE_LOOP_ANALYSIS = YES;
				CLANG_WARN_STRICT_PROTOTYPES = YES;
				CLANG_WARN_SUSPICIOUS_MOVE = YES;
				CLANG_WARN_UNGUARDED_AVAILABILITY = YES_AGGRESSIVE;
				CLANG_WARN_UNREACHABLE_CODE = YES;
				CLANG_WARN__DUPLICATE_METHOD_MATCH = YES;
				COPY_PHASE_STRIP = NO;
				DEBUG_INFORMATION_FORMAT = dwarf;
				ENABLE_STRICT_OBJC_MSGSEND = YES;
				ENABLE_TESTABILITY = YES;
				GCC_C_LANGUAGE_STANDARD = gnu11;
				GCC_DYNAMIC_NO_PIC = NO;
				GCC_NO_COMMON_BLOCKS = YES;
				GCC_OPTIMIZATION_LEVEL = 0;
				GCC_PREPROCESSOR_DEFINITIONS = (
					"DEBUG=1",
					"$(inherited)",
				);
				GCC_WARN_64_TO_32_BIT_CONVERSION = YES;
				GCC_WARN_ABOUT_RETURN_TYPE = YES_ERROR;
				GCC_WARN_UNDECLARED_SELECTOR = YES;
				GCC_WARN_UNINITIALIZED_AUTOS = YES_AGGRESSIVE;
				GCC_WARN_UNUSED_FUNCTION = YES;
				GCC_WARN_UNUSED_VARIABLE = YES;
				IPHONEOS_DEPLOYMENT_TARGET = 14.1;
				MTL_ENABLE_DEBUG_INFO = INCLUDE_SOURCE;
				MTL_FAST_MATH = YES;
				ONLY_ACTIVE_ARCH = YES;
				SDKROOT = iphoneos;
				SWIFT_ACTIVE_COMPILATION_CONDITIONS = DEBUG;
				SWIFT_OPTIMIZATION_LEVEL = "-Onone";
			};
			name = Debug;
		};
		771440962565654B00673DC2 /* Release */ = {
			isa = XCBuildConfiguration;
			buildSettings = {
				ALWAYS_SEARCH_USER_PATHS = NO;
				CLANG_ANALYZER_NONNULL = YES;
				CLANG_ANALYZER_NUMBER_OBJECT_CONVERSION = YES_AGGRESSIVE;
				CLANG_CXX_LANGUAGE_STANDARD = "gnu++14";
				CLANG_CXX_LIBRARY = "libc++";
				CLANG_ENABLE_MODULES = YES;
				CLANG_ENABLE_OBJC_ARC = YES;
				CLANG_ENABLE_OBJC_WEAK = YES;
				CLANG_WARN_BLOCK_CAPTURE_AUTORELEASING = YES;
				CLANG_WARN_BOOL_CONVERSION = YES;
				CLANG_WARN_COMMA = YES;
				CLANG_WARN_CONSTANT_CONVERSION = YES;
				CLANG_WARN_DEPRECATED_OBJC_IMPLEMENTATIONS = YES;
				CLANG_WARN_DIRECT_OBJC_ISA_USAGE = YES_ERROR;
				CLANG_WARN_DOCUMENTATION_COMMENTS = YES;
				CLANG_WARN_EMPTY_BODY = YES;
				CLANG_WARN_ENUM_CONVERSION = YES;
				CLANG_WARN_INFINITE_RECURSION = YES;
				CLANG_WARN_INT_CONVERSION = YES;
				CLANG_WARN_NON_LITERAL_NULL_CONVERSION = YES;
				CLANG_WARN_OBJC_IMPLICIT_RETAIN_SELF = YES;
				CLANG_WARN_OBJC_LITERAL_CONVERSION = YES;
				CLANG_WARN_OBJC_ROOT_CLASS = YES_ERROR;
				CLANG_WARN_QUOTED_INCLUDE_IN_FRAMEWORK_HEADER = YES;
				CLANG_WARN_RANGE_LOOP_ANALYSIS = YES;
				CLANG_WARN_STRICT_PROTOTYPES = YES;
				CLANG_WARN_SUSPICIOUS_MOVE = YES;
				CLANG_WARN_UNGUARDED_AVAILABILITY = YES_AGGRESSIVE;
				CLANG_WARN_UNREACHABLE_CODE = YES;
				CLANG_WARN__DUPLICATE_METHOD_MATCH = YES;
				COPY_PHASE_STRIP = NO;
				DEBUG_INFORMATION_FORMAT = "dwarf-with-dsym";
				ENABLE_NS_ASSERTIONS = NO;
				ENABLE_STRICT_OBJC_MSGSEND = YES;
				GCC_C_LANGUAGE_STANDARD = gnu11;
				GCC_NO_COMMON_BLOCKS = YES;
				GCC_WARN_64_TO_32_BIT_CONVERSION = YES;
				GCC_WARN_ABOUT_RETURN_TYPE = YES_ERROR;
				GCC_WARN_UNDECLARED_SELECTOR = YES;
				GCC_WARN_UNINITIALIZED_AUTOS = YES_AGGRESSIVE;
				GCC_WARN_UNUSED_FUNCTION = YES;
				GCC_WARN_UNUSED_VARIABLE = YES;
				IPHONEOS_DEPLOYMENT_TARGET = 14.1;
				MTL_ENABLE_DEBUG_INFO = NO;
				MTL_FAST_MATH = YES;
				SDKROOT = iphoneos;
				SWIFT_COMPILATION_MODE = wholemodule;
				SWIFT_OPTIMIZATION_LEVEL = "-O";
				VALIDATE_PRODUCT = YES;
			};
			name = Release;
		};
		771440982565654B00673DC2 /* Debug */ = {
			isa = XCBuildConfiguration;
			buildSettings = {
				ASSETCATALOG_COMPILER_APPICON_NAME = AppIcon;
				ASSETCATALOG_COMPILER_GLOBAL_ACCENT_COLOR_NAME = AccentColor;
				CODE_SIGN_STYLE = Automatic;
				DEVELOPMENT_ASSET_PATHS = "\"MovieRecommendation/Preview Content\"";
				ENABLE_PREVIEWS = YES;
				INFOPLIST_FILE = MovieRecommendation/Info.plist;
				IPHONEOS_DEPLOYMENT_TARGET = 14.0;
				LD_RUNPATH_SEARCH_PATHS = (
					"$(inherited)",
					"@executable_path/Frameworks",
				);
				PRODUCT_BUNDLE_IDENTIFIER = jelena.MovieRecommendation;
				PRODUCT_NAME = "$(TARGET_NAME)";
				SWIFT_VERSION = 5.0;
				TARGETED_DEVICE_FAMILY = "1,2";
			};
			name = Debug;
		};
		771440992565654B00673DC2 /* Release */ = {
			isa = XCBuildConfiguration;
			buildSettings = {
				ASSETCATALOG_COMPILER_APPICON_NAME = AppIcon;
				ASSETCATALOG_COMPILER_GLOBAL_ACCENT_COLOR_NAME = AccentColor;
				CODE_SIGN_STYLE = Automatic;
				DEVELOPMENT_ASSET_PATHS = "\"MovieRecommendation/Preview Content\"";
				ENABLE_PREVIEWS = YES;
				INFOPLIST_FILE = MovieRecommendation/Info.plist;
				IPHONEOS_DEPLOYMENT_TARGET = 14.0;
				LD_RUNPATH_SEARCH_PATHS = (
					"$(inherited)",
					"@executable_path/Frameworks",
				);
				PRODUCT_BUNDLE_IDENTIFIER = jelena.MovieRecommendation;
				PRODUCT_NAME = "$(TARGET_NAME)";
				SWIFT_VERSION = 5.0;
				TARGETED_DEVICE_FAMILY = "1,2";
			};
			name = Release;
		};
/* End XCBuildConfiguration section */

/* Begin XCConfigurationList section */
		771440832565654900673DC2 /* Build configuration list for PBXProject "MovieRecommendation" */ = {
			isa = XCConfigurationList;
			buildConfigurations = (
				771440952565654B00673DC2 /* Debug */,
				771440962565654B00673DC2 /* Release */,
			);
			defaultConfigurationIsVisible = 0;
			defaultConfigurationName = Release;
		};
		771440972565654B00673DC2 /* Build configuration list for PBXNativeTarget "MovieRecommendation" */ = {
			isa = XCConfigurationList;
			buildConfigurations = (
				771440982565654B00673DC2 /* Debug */,
				771440992565654B00673DC2 /* Release */,
			);
			defaultConfigurationIsVisible = 0;
			defaultConfigurationName = Release;
		};
/* End XCConfigurationList section */
	};
	rootObject = 771440802565654900673DC2 /* Project object */;
}
